
Microsoft Visual Studio Solution File, Format Version 12.00
# Visual Studio 2012
Project("{8BC9CEB8-8B4A-11D0-8D11-00A0C91BC942}") = "WindowsFormsApplication1", "WindowsFormsApplication1\WindowsFormsApplication1.vcxproj", "{21DF91DE-5C9C-414E-A32D-3D53154BB1B1}"
EndProject
Global
	GlobalSection(SolutionConfigurationPlatforms) = preSolution
		Debug|Win32 = Debug|Win32
		Release|Win32 = Release|Win32
	EndGlobalSection
	GlobalSection(ProjectConfigurationPlatforms) = postSolution
		{21DF91DE-5C9C-414E-A32D-3D53154BB1B1}.Debug|Win32.ActiveCfg = Debug|Win32
		{21DF91DE-5C9C-414E-A32D-3D53154BB1B1}.Debug|Win32.Build.0 = Debug|Win32
		{21DF91DE-5C9C-414E-A32D-3D53154BB1B1}.Release|Win32.ActiveCfg = Release|Win32
		{21DF91DE-5C9C-414E-A32D-3D53154BB1B1}.Release|Win32.Build.0 = Release|Win32
	EndGlobalSection
	GlobalSection(SolutionProperties) = preSolution
		HideSolutionNode = FALSE
	EndGlobalSection
EndGlobal
